
Microsoft Visual Studio Solution File, Format Version 12.00
# Visual Studio Version 17
VisualStudioVersion = 17.4.33110.190
MinimumVisualStudioVersion = 10.0.40219.1
Project("{9A19103F-16F7-4668-BE54-9A1E7A4F7556}") = "AppRoot", "Templates\AppRoot\AppRoot.csproj", "{ECC2C144-AF77-44E1-AF9F-602588804C67}"
EndProject
Project("{9A19103F-16F7-4668-BE54-9A1E7A4F7556}") = "DataAccessLayer", "Templates\DataAccessLayer\DataAccessLayer.csproj", "{7E30777C-5C59-41C8-AB67-33A46D23827A}"
EndProject
Project("{9A19103F-16F7-4668-BE54-9A1E7A4F7556}") = "LogicLayer", "Templates\LogicLayer\LogicLayer.csproj", "{F17970FA-937F-48A5-AE05-2682476C5FA2}"
EndProject
Project("{2150E333-8FDC-42A3-9474-1A3956D46DE8}") = "Common Projects", "Common Projects", "{2D3C034F-6F71-479B-A7D2-17BC8BB639DE}"
EndProject
Project("{2150E333-8FDC-42A3-9474-1A3956D46DE8}") = "WpfApp", "WpfApp", "{565F9AC6-7D89-42F1-8A55-44096E0BC259}"
EndProject
Project("{2150E333-8FDC-42A3-9474-1A3956D46DE8}") = "ConsoleApp", "ConsoleApp", "{93DAEE50-7026-4727-AEB3-B2BB3800AD28}"
EndProject
Project("{9A19103F-16F7-4668-BE54-9A1E7A4F7556}") = "Domain", "Templates\Domain\Domain.csproj", "{E3703AC4-7C91-4BA8-B3F2-8D20CBF98015}"
EndProject
Project("{9A19103F-16F7-4668-BE54-9A1E7A4F7556}") = "PresentationLayer", "Templates\PresentationLayer\PresentationLayer.csproj", "{FAFBEA8D-E256-412C-BB41-642D4C721B1E}"
EndProject
Project("{9A19103F-16F7-4668-BE54-9A1E7A4F7556}") = "LogicLayer", "ConsoleLogicLayer\LogicLayer.csproj", "{A57EF544-305E-4EFC-B844-174F2F985291}"
EndProject
Project("{9A19103F-16F7-4668-BE54-9A1E7A4F7556}") = "PresentationLayer", "ConsolePresentationLayer\PresentationLayer.csproj", "{BAF80DDA-3558-47DF-8C93-0C85A655E7BC}"
EndProject
Project("{9A19103F-16F7-4668-BE54-9A1E7A4F7556}") = "AppRoot", "ConsoleAppRoot\AppRoot.csproj", "{FDA1D2AB-104E-4282-88D1-A419EBC1194E}"
EndProject
Project("{2150E333-8FDC-42A3-9474-1A3956D46DE8}") = "WinFormsApp", "WinFormsApp", "{90A057EB-FC75-484D-BD0D-5FC39A29AFF9}"
EndProject
Project("{9A19103F-16F7-4668-BE54-9A1E7A4F7556}") = "LogicLayer", "WinFormsLogicLayer\LogicLayer.csproj", "{EFDE1DEC-4217-42BC-B1D8-8E408B3CEB4E}"
EndProject
Project("{FAE04EC0-301F-11D3-BF4B-00C04F79EFBC}") = "PresentationLayer", "WinFormsPresentationLayer\PresentationLayer.csproj", "{58D2B8AB-C711-448D-9891-813E1CE3B7F3}"
EndProject
Project("{FAE04EC0-301F-11D3-BF4B-00C04F79EFBC}") = "AppRoot", "WinFormsAppRoot\AppRoot.csproj", "{FEEDD577-0404-4000-999F-7386FA6D7B3F}"
EndProject
Global
	GlobalSection(SolutionConfigurationPlatforms) = preSolution
		Debug|Any CPU = Debug|Any CPU
		Release|Any CPU = Release|Any CPU
	EndGlobalSection
	GlobalSection(ProjectConfigurationPlatforms) = postSolution
		{ECC2C144-AF77-44E1-AF9F-602588804C67}.Debug|Any CPU.ActiveCfg = Debug|Any CPU
		{ECC2C144-AF77-44E1-AF9F-602588804C67}.Debug|Any CPU.Build.0 = Debug|Any CPU
		{ECC2C144-AF77-44E1-AF9F-602588804C67}.Release|Any CPU.ActiveCfg = Release|Any CPU
		{ECC2C144-AF77-44E1-AF9F-602588804C67}.Release|Any CPU.Build.0 = Release|Any CPU
		{7E30777C-5C59-41C8-AB67-33A46D23827A}.Debug|Any CPU.ActiveCfg = Debug|Any CPU
		{7E30777C-5C59-41C8-AB67-33A46D23827A}.Debug|Any CPU.Build.0 = Debug|Any CPU
		{7E30777C-5C59-41C8-AB67-33A46D23827A}.Release|Any CPU.ActiveCfg = Release|Any CPU
		{7E30777C-5C59-41C8-AB67-33A46D23827A}.Release|Any CPU.Build.0 = Release|Any CPU
		{F17970FA-937F-48A5-AE05-2682476C5FA2}.Debug|Any CPU.ActiveCfg = Debug|Any CPU
		{F17970FA-937F-48A5-AE05-2682476C5FA2}.Debug|Any CPU.Build.0 = Debug|Any CPU
		{F17970FA-937F-48A5-AE05-2682476C5FA2}.Release|Any CPU.ActiveCfg = Release|Any CPU
		{F17970FA-937F-48A5-AE05-2682476C5FA2}.Release|Any CPU.Build.0 = Release|Any CPU
		{E3703AC4-7C91-4BA8-B3F2-8D20CBF98015}.Debug|Any CPU.ActiveCfg = Debug|Any CPU
		{E3703AC4-7C91-4BA8-B3F2-8D20CBF98015}.Debug|Any CPU.Build.0 = Debug|Any CPU
		{E3703AC4-7C91-4BA8-B3F2-8D20CBF98015}.Release|Any CPU.ActiveCfg = Release|Any CPU
		{E3703AC4-7C91-4BA8-B3F2-8D20CBF98015}.Release|Any CPU.Build.0 = Release|Any CPU
		{FAFBEA8D-E256-412C-BB41-642D4C721B1E}.Debug|Any CPU.ActiveCfg = Debug|Any CPU
		{FAFBEA8D-E256-412C-BB41-642D4C721B1E}.Debug|Any CPU.Build.0 = Debug|Any CPU
		{FAFBEA8D-E256-412C-BB41-642D4C721B1E}.Release|Any CPU.ActiveCfg = Release|Any CPU
		{FAFBEA8D-E256-412C-BB41-642D4C721B1E}.Release|Any CPU.Build.0 = Release|Any CPU
		{A57EF544-305E-4EFC-B844-174F2F985291}.Debug|Any CPU.ActiveCfg = Debug|Any CPU
		{A57EF544-305E-4EFC-B844-174F2F985291}.Debug|Any CPU.Build.0 = Debug|Any CPU
		{A57EF544-305E-4EFC-B844-174F2F985291}.Release|Any CPU.ActiveCfg = Release|Any CPU
		{A57EF544-305E-4EFC-B844-174F2F985291}.Release|Any CPU.Build.0 = Release|Any CPU
		{BAF80DDA-3558-47DF-8C93-0C85A655E7BC}.Debug|Any CPU.ActiveCfg = Debug|Any CPU
		{BAF80DDA-3558-47DF-8C93-0C85A655E7BC}.Debug|Any CPU.Build.0 = Debug|Any CPU
		{BAF80DDA-3558-47DF-8C93-0C85A655E7BC}.Release|Any CPU.ActiveCfg = Release|Any CPU
		{BAF80DDA-3558-47DF-8C93-0C85A655E7BC}.Release|Any CPU.Build.0 = Release|Any CPU
		{FDA1D2AB-104E-4282-88D1-A419EBC1194E}.Debug|Any CPU.ActiveCfg = Debug|Any CPU
		{FDA1D2AB-104E-4282-88D1-A419EBC1194E}.Debug|Any CPU.Build.0 = Debug|Any CPU
		{FDA1D2AB-104E-4282-88D1-A419EBC1194E}.Release|Any CPU.ActiveCfg = Release|Any CPU
		{FDA1D2AB-104E-4282-88D1-A419EBC1194E}.Release|Any CPU.Build.0 = Release|Any CPU
		{EFDE1DEC-4217-42BC-B1D8-8E408B3CEB4E}.Debug|Any CPU.ActiveCfg = Debug|Any CPU
		{EFDE1DEC-4217-42BC-B1D8-8E408B3CEB4E}.Debug|Any CPU.Build.0 = Debug|Any CPU
		{EFDE1DEC-4217-42BC-B1D8-8E408B3CEB4E}.Release|Any CPU.ActiveCfg = Release|Any CPU
		{EFDE1DEC-4217-42BC-B1D8-8E408B3CEB4E}.Release|Any CPU.Build.0 = Release|Any CPU
		{58D2B8AB-C711-448D-9891-813E1CE3B7F3}.Debug|Any CPU.ActiveCfg = Debug|Any CPU
		{58D2B8AB-C711-448D-9891-813E1CE3B7F3}.Debug|Any CPU.Build.0 = Debug|Any CPU
		{58D2B8AB-C711-448D-9891-813E1CE3B7F3}.Release|Any CPU.ActiveCfg = Release|Any CPU
		{58D2B8AB-C711-448D-9891-813E1CE3B7F3}.Release|Any CPU.Build.0 = Release|Any CPU
		{FEEDD577-0404-4000-999F-7386FA6D7B3F}.Debug|Any CPU.ActiveCfg = Debug|Any CPU
		{FEEDD577-0404-4000-999F-7386FA6D7B3F}.Debug|Any CPU.Build.0 = Debug|Any CPU
		{FEEDD577-0404-4000-999F-7386FA6D7B3F}.Release|Any CPU.ActiveCfg = Release|Any CPU
		{FEEDD577-0404-4000-999F-7386FA6D7B3F}.Release|Any CPU.Build.0 = Release|Any CPU
	EndGlobalSection
	GlobalSection(SolutionProperties) = preSolution
		HideSolutionNode = FALSE
	EndGlobalSection
	GlobalSection(NestedProjects) = preSolution
		{ECC2C144-AF77-44E1-AF9F-602588804C67} = {565F9AC6-7D89-42F1-8A55-44096E0BC259}
		{7E30777C-5C59-41C8-AB67-33A46D23827A} = {2D3C034F-6F71-479B-A7D2-17BC8BB639DE}
		{F17970FA-937F-48A5-AE05-2682476C5FA2} = {565F9AC6-7D89-42F1-8A55-44096E0BC259}
		{E3703AC4-7C91-4BA8-B3F2-8D20CBF98015} = {2D3C034F-6F71-479B-A7D2-17BC8BB639DE}
		{FAFBEA8D-E256-412C-BB41-642D4C721B1E} = {565F9AC6-7D89-42F1-8A55-44096E0BC259}
		{A57EF544-305E-4EFC-B844-174F2F985291} = {93DAEE50-7026-4727-AEB3-B2BB3800AD28}
		{BAF80DDA-3558-47DF-8C93-0C85A655E7BC} = {93DAEE50-7026-4727-AEB3-B2BB3800AD28}
		{FDA1D2AB-104E-4282-88D1-A419EBC1194E} = {93DAEE50-7026-4727-AEB3-B2BB3800AD28}
		{EFDE1DEC-4217-42BC-B1D8-8E408B3CEB4E} = {90A057EB-FC75-484D-BD0D-5FC39A29AFF9}
		{58D2B8AB-C711-448D-9891-813E1CE3B7F3} = {90A057EB-FC75-484D-BD0D-5FC39A29AFF9}
		{FEEDD577-0404-4000-999F-7386FA6D7B3F} = {90A057EB-FC75-484D-BD0D-5FC39A29AFF9}
	EndGlobalSection
	GlobalSection(ExtensibilityGlobals) = postSolution
		SolutionGuid = {723E4E0F-AAAB-4635-8400-55A5E1D548A8}
	EndGlobalSection
EndGlobal
