
Microsoft Visual Studio Solution File, Format Version 12.00
# Visual Studio Version 17
VisualStudioVersion = 17.4.33110.190
MinimumVisualStudioVersion = 10.0.40219.1

#if (SolutionType == "consolelibraries")
Project("{9A19103F-16F7-4668-BE54-9A1E7A4F7556}") = "ConsoleAppRoot", "ConsoleAppRoot\ConsoleAppRoot.csproj", "{FDA1D2AB-104E-4282-88D1-A419EBC1194E}"
EndProject
Project("{9A19103F-16F7-4668-BE54-9A1E7A4F7556}") = "ConsoleLogicLayer", "ConsoleLogicLayer\ConsoleLogicLayer.csproj", "{A57EF544-305E-4EFC-B844-174F2F985291}"
EndProject
Project("{9A19103F-16F7-4668-BE54-9A1E7A4F7556}") = "ConsolePresentationLayer", "ConsolePresentationLayer\ConsolePresentationLayer.csproj", "{BAF80DDA-3558-47DF-8C93-0C85A655E7BC}"
EndProject
#endif

#if (SolutionType == "winformslibraries")
Project("{9A19103F-16F7-4668-BE54-9A1E7A4F7556}") = "WinFormsAppRoot", "WinFormsAppRoot\WinFormsAppRoot.csproj", "{FEEDD577-0404-4000-999F-7386FA6D7B3F}"
EndProject
Project("{9A19103F-16F7-4668-BE54-9A1E7A4F7556}") = "WinFormsLogicLayer", "WinFormsLogicLayer\WinFormsLogicLayer.csproj", "{EFDE1DEC-4217-42BC-B1D8-8E408B3CEB4E}"
EndProject
Project("{9A19103F-16F7-4668-BE54-9A1E7A4F7556}") = "WinFormsPresentationLayer", "WinFormsPresentationLayer\WinFormsPresentationLayer.csproj", "{58D2B8AB-C711-448D-9891-813E1CE3B7F3}"
EndProject
#endif

#if (SolutionType == "wpflibraries")
Project("{9A19103F-16F7-4668-BE54-9A1E7A4F7556}") = "WpfAppRoot", "WpfAppRoot\WpfAppRoot.csproj", "{99FF9DAE-D2D5-4F67-8B59-350F3B89F3F4}"
EndProject
Project("{9A19103F-16F7-4668-BE54-9A1E7A4F7556}") = "WpfLogicLayer", "WpfLogicLayer\WpfLogicLayer.csproj", "{FFD7B440-6237-4684-B579-6E98577EB9BA}"
EndProject
Project("{9A19103F-16F7-4668-BE54-9A1E7A4F7556}") = "WpfPresentationLayer", "WpfPresentationLayer\WpfPresentationLayer.csproj", "{49AFE544-94F3-4133-8A2D-D3B114FBDE40}"
EndProject
#endif

Project("{9A19103F-16F7-4668-BE54-9A1E7A4F7556}") = "Domain", "Domain\Domain.csproj", "{0C3F7065-9B83-45C8-BE1D-937F70351F8F}"
EndProject
Project("{9A19103F-16F7-4668-BE54-9A1E7A4F7556}") = "DataAccessLayer", "DataAccessLayer\DataAccessLayer.csproj", "{F4BFBFC1-7FA6-4357-BA60-1E2180A52763}"
EndProject

Global
	GlobalSection(SolutionConfigurationPlatforms) = preSolution
		Debug|Any CPU = Debug|Any CPU
		Release|Any CPU = Release|Any CPU
	EndGlobalSection
	GlobalSection(ProjectConfigurationPlatforms) = postSolution
		{A57EF544-305E-4EFC-B844-174F2F985291}.Debug|Any CPU.ActiveCfg = Debug|Any CPU
		{A57EF544-305E-4EFC-B844-174F2F985291}.Debug|Any CPU.Build.0 = Debug|Any CPU
		{A57EF544-305E-4EFC-B844-174F2F985291}.Release|Any CPU.ActiveCfg = Release|Any CPU
		{A57EF544-305E-4EFC-B844-174F2F985291}.Release|Any CPU.Build.0 = Release|Any CPU
		{BAF80DDA-3558-47DF-8C93-0C85A655E7BC}.Debug|Any CPU.ActiveCfg = Debug|Any CPU
		{BAF80DDA-3558-47DF-8C93-0C85A655E7BC}.Debug|Any CPU.Build.0 = Debug|Any CPU
		{BAF80DDA-3558-47DF-8C93-0C85A655E7BC}.Release|Any CPU.ActiveCfg = Release|Any CPU
		{BAF80DDA-3558-47DF-8C93-0C85A655E7BC}.Release|Any CPU.Build.0 = Release|Any CPU
		{FDA1D2AB-104E-4282-88D1-A419EBC1194E}.Debug|Any CPU.ActiveCfg = Debug|Any CPU
		{FDA1D2AB-104E-4282-88D1-A419EBC1194E}.Debug|Any CPU.Build.0 = Debug|Any CPU
		{FDA1D2AB-104E-4282-88D1-A419EBC1194E}.Release|Any CPU.ActiveCfg = Release|Any CPU
		{FDA1D2AB-104E-4282-88D1-A419EBC1194E}.Release|Any CPU.Build.0 = Release|Any CPU
		{EFDE1DEC-4217-42BC-B1D8-8E408B3CEB4E}.Debug|Any CPU.ActiveCfg = Debug|Any CPU
		{EFDE1DEC-4217-42BC-B1D8-8E408B3CEB4E}.Debug|Any CPU.Build.0 = Debug|Any CPU
		{EFDE1DEC-4217-42BC-B1D8-8E408B3CEB4E}.Release|Any CPU.ActiveCfg = Release|Any CPU
		{EFDE1DEC-4217-42BC-B1D8-8E408B3CEB4E}.Release|Any CPU.Build.0 = Release|Any CPU
		{58D2B8AB-C711-448D-9891-813E1CE3B7F3}.Debug|Any CPU.ActiveCfg = Debug|Any CPU
		{58D2B8AB-C711-448D-9891-813E1CE3B7F3}.Debug|Any CPU.Build.0 = Debug|Any CPU
		{58D2B8AB-C711-448D-9891-813E1CE3B7F3}.Release|Any CPU.ActiveCfg = Release|Any CPU
		{58D2B8AB-C711-448D-9891-813E1CE3B7F3}.Release|Any CPU.Build.0 = Release|Any CPU
		{FEEDD577-0404-4000-999F-7386FA6D7B3F}.Debug|Any CPU.ActiveCfg = Debug|Any CPU
		{FEEDD577-0404-4000-999F-7386FA6D7B3F}.Debug|Any CPU.Build.0 = Debug|Any CPU
		{FEEDD577-0404-4000-999F-7386FA6D7B3F}.Release|Any CPU.ActiveCfg = Release|Any CPU
		{FEEDD577-0404-4000-999F-7386FA6D7B3F}.Release|Any CPU.Build.0 = Release|Any CPU
		{0C3F7065-9B83-45C8-BE1D-937F70351F8F}.Debug|Any CPU.ActiveCfg = Debug|Any CPU
		{0C3F7065-9B83-45C8-BE1D-937F70351F8F}.Debug|Any CPU.Build.0 = Debug|Any CPU
		{0C3F7065-9B83-45C8-BE1D-937F70351F8F}.Release|Any CPU.ActiveCfg = Release|Any CPU
		{0C3F7065-9B83-45C8-BE1D-937F70351F8F}.Release|Any CPU.Build.0 = Release|Any CPU
		{F4BFBFC1-7FA6-4357-BA60-1E2180A52763}.Debug|Any CPU.ActiveCfg = Debug|Any CPU
		{F4BFBFC1-7FA6-4357-BA60-1E2180A52763}.Debug|Any CPU.Build.0 = Debug|Any CPU
		{F4BFBFC1-7FA6-4357-BA60-1E2180A52763}.Release|Any CPU.ActiveCfg = Release|Any CPU
		{F4BFBFC1-7FA6-4357-BA60-1E2180A52763}.Release|Any CPU.Build.0 = Release|Any CPU
		{FFD7B440-6237-4684-B579-6E98577EB9BA}.Debug|Any CPU.ActiveCfg = Debug|Any CPU
		{FFD7B440-6237-4684-B579-6E98577EB9BA}.Debug|Any CPU.Build.0 = Debug|Any CPU
		{FFD7B440-6237-4684-B579-6E98577EB9BA}.Release|Any CPU.ActiveCfg = Release|Any CPU
		{FFD7B440-6237-4684-B579-6E98577EB9BA}.Release|Any CPU.Build.0 = Release|Any CPU
		{49AFE544-94F3-4133-8A2D-D3B114FBDE40}.Debug|Any CPU.ActiveCfg = Debug|Any CPU
		{49AFE544-94F3-4133-8A2D-D3B114FBDE40}.Debug|Any CPU.Build.0 = Debug|Any CPU
		{49AFE544-94F3-4133-8A2D-D3B114FBDE40}.Release|Any CPU.ActiveCfg = Release|Any CPU
		{49AFE544-94F3-4133-8A2D-D3B114FBDE40}.Release|Any CPU.Build.0 = Release|Any CPU
		{99FF9DAE-D2D5-4F67-8B59-350F3B89F3F4}.Debug|Any CPU.ActiveCfg = Debug|Any CPU
		{99FF9DAE-D2D5-4F67-8B59-350F3B89F3F4}.Debug|Any CPU.Build.0 = Debug|Any CPU
		{99FF9DAE-D2D5-4F67-8B59-350F3B89F3F4}.Release|Any CPU.ActiveCfg = Release|Any CPU
		{99FF9DAE-D2D5-4F67-8B59-350F3B89F3F4}.Release|Any CPU.Build.0 = Release|Any CPU
	EndGlobalSection
	GlobalSection(SolutionProperties) = preSolution
		HideSolutionNode = FALSE
	EndGlobalSection
	GlobalSection(ExtensibilityGlobals) = postSolution
		SolutionGuid = {723E4E0F-AAAB-4635-8400-55A5E1D548A8}
	EndGlobalSection
EndGlobal
