Microsoft Visual Studio Solution File, Format Version 12.00
# Visual Studio Version 17
VisualStudioVersion = 17.4.33205.214
MinimumVisualStudioVersion = 10.0.40219.1
Project("{9A19103F-16F7-4668-BE54-9A1E7A4F7556}") = "AppRoot", "AppRoot\AppRoot.csproj", "{6E69B647-58D4-41C0-9440-26F66E179BB4}"
EndProject
Project("{9A19103F-16F7-4668-BE54-9A1E7A4F7556}") = "Domain", "Domain\Domain.csproj", "{06930B6D-9395-49FC-AE2D-DD866807EB64}"
EndProject
Project("{9A19103F-16F7-4668-BE54-9A1E7A4F7556}") = "Presentation", "Presentation\Presentation.csproj", "{2888F0AF-B174-4F4E-8015-6E981673DE9F}"
EndProject
Project("{FAE04EC0-301F-11D3-BF4B-00C04F79EFBC}") = "Core", "Core\Core.csproj", "{53F0BC57-E5C0-4C55-BEA4-4C30A8618244}"
EndProject
Project("{FAE04EC0-301F-11D3-BF4B-00C04F79EFBC}") = "Infrastructure", "Infrastructure\Infrastructure.csproj", "{1BDFF373-BED1-46C4-B973-9F0AABBF2FEA}"
EndProject
Global
	GlobalSection(SolutionConfigurationPlatforms) = preSolution
		Debug|Any CPU = Debug|Any CPU
		Release|Any CPU = Release|Any CPU
	EndGlobalSection
	GlobalSection(ProjectConfigurationPlatforms) = postSolution
		{6E69B647-58D4-41C0-9440-26F66E179BB4}.Debug|Any CPU.ActiveCfg = Debug|Any CPU
		{6E69B647-58D4-41C0-9440-26F66E179BB4}.Debug|Any CPU.Build.0 = Debug|Any CPU
		{6E69B647-58D4-41C0-9440-26F66E179BB4}.Release|Any CPU.ActiveCfg = Release|Any CPU
		{6E69B647-58D4-41C0-9440-26F66E179BB4}.Release|Any CPU.Build.0 = Release|Any CPU
		{06930B6D-9395-49FC-AE2D-DD866807EB64}.Debug|Any CPU.ActiveCfg = Debug|Any CPU
		{06930B6D-9395-49FC-AE2D-DD866807EB64}.Debug|Any CPU.Build.0 = Debug|Any CPU
		{06930B6D-9395-49FC-AE2D-DD866807EB64}.Release|Any CPU.ActiveCfg = Release|Any CPU
		{06930B6D-9395-49FC-AE2D-DD866807EB64}.Release|Any CPU.Build.0 = Release|Any CPU
		{2888F0AF-B174-4F4E-8015-6E981673DE9F}.Debug|Any CPU.ActiveCfg = Debug|Any CPU
		{2888F0AF-B174-4F4E-8015-6E981673DE9F}.Debug|Any CPU.Build.0 = Debug|Any CPU
		{2888F0AF-B174-4F4E-8015-6E981673DE9F}.Release|Any CPU.ActiveCfg = Release|Any CPU
		{2888F0AF-B174-4F4E-8015-6E981673DE9F}.Release|Any CPU.Build.0 = Release|Any CPU
		{53F0BC57-E5C0-4C55-BEA4-4C30A8618244}.Debug|Any CPU.ActiveCfg = Debug|Any CPU
		{53F0BC57-E5C0-4C55-BEA4-4C30A8618244}.Debug|Any CPU.Build.0 = Debug|Any CPU
		{53F0BC57-E5C0-4C55-BEA4-4C30A8618244}.Release|Any CPU.ActiveCfg = Release|Any CPU
		{53F0BC57-E5C0-4C55-BEA4-4C30A8618244}.Release|Any CPU.Build.0 = Release|Any CPU
		{1BDFF373-BED1-46C4-B973-9F0AABBF2FEA}.Debug|Any CPU.ActiveCfg = Debug|Any CPU
		{1BDFF373-BED1-46C4-B973-9F0AABBF2FEA}.Debug|Any CPU.Build.0 = Debug|Any CPU
		{1BDFF373-BED1-46C4-B973-9F0AABBF2FEA}.Release|Any CPU.ActiveCfg = Release|Any CPU
		{1BDFF373-BED1-46C4-B973-9F0AABBF2FEA}.Release|Any CPU.Build.0 = Release|Any CPU
	EndGlobalSection
	GlobalSection(SolutionProperties) = preSolution
		HideSolutionNode = FALSE
	EndGlobalSection
	GlobalSection(ExtensibilityGlobals) = postSolution
		SolutionGuid = {96A70948-6B0C-4F77-9572-7E3BEFEEAD1E}
	EndGlobalSection
EndGlobal
